
Microsoft Visual Studio Solution File, Format Version 12.00
# Visual Studio Version 16
VisualStudioVersion = 16.0.29613.14
MinimumVisualStudioVersion = 10.0.40219.1
Project("{FAE04EC0-301F-11D3-BF4B-00C04F79EFBC}") = "Test123", "Test123\Test123.csproj", "{9C1A3959-149B-40C2-A8DC-E1E3FCCEDD6B}"
EndProject
Global
	GlobalSection(SolutionConfigurationPlatforms) = preSolution
		Debug|Any CPU = Debug|Any CPU
		Release|Any CPU = Release|Any CPU
	EndGlobalSection
	GlobalSection(ProjectConfigurationPlatforms) = postSolution
		{9C1A3959-149B-40C2-A8DC-E1E3FCCEDD6B}.Debug|Any CPU.ActiveCfg = Debug|Any CPU
		{9C1A3959-149B-40C2-A8DC-E1E3FCCEDD6B}.Debug|Any CPU.Build.0 = Debug|Any CPU
		{9C1A3959-149B-40C2-A8DC-E1E3FCCEDD6B}.Release|Any CPU.ActiveCfg = Release|Any CPU
		{9C1A3959-149B-40C2-A8DC-E1E3FCCEDD6B}.Release|Any CPU.Build.0 = Release|Any CPU
	EndGlobalSection
	GlobalSection(SolutionProperties) = preSolution
		HideSolutionNode = FALSE
	EndGlobalSection
	GlobalSection(ExtensibilityGlobals) = postSolution
		SolutionGuid = {207B60F8-6998-4BAE-AF59-0EF8336D9DAB}
	EndGlobalSection
EndGlobal
