
Microsoft Visual Studio Solution File, Format Version 12.00
# Visual Studio Version 16
VisualStudioVersion = 16.0.29613.14
MinimumVisualStudioVersion = 10.0.40219.1
Project("{FAE04EC0-301F-11D3-BF4B-00C04F79EFBC}") = "DemoSample", "DemoSample\DemoSample.csproj", "{7B14B9EF-7107-442E-8F4F-DD8FB4CE6D7C}"
EndProject
Global
	GlobalSection(SolutionConfigurationPlatforms) = preSolution
		Debug|Any CPU = Debug|Any CPU
		Release|Any CPU = Release|Any CPU
	EndGlobalSection
	GlobalSection(ProjectConfigurationPlatforms) = postSolution
		{7B14B9EF-7107-442E-8F4F-DD8FB4CE6D7C}.Debug|Any CPU.ActiveCfg = Debug|Any CPU
		{7B14B9EF-7107-442E-8F4F-DD8FB4CE6D7C}.Debug|Any CPU.Build.0 = Debug|Any CPU
		{7B14B9EF-7107-442E-8F4F-DD8FB4CE6D7C}.Release|Any CPU.ActiveCfg = Release|Any CPU
		{7B14B9EF-7107-442E-8F4F-DD8FB4CE6D7C}.Release|Any CPU.Build.0 = Release|Any CPU
	EndGlobalSection
	GlobalSection(SolutionProperties) = preSolution
		HideSolutionNode = FALSE
	EndGlobalSection
	GlobalSection(ExtensibilityGlobals) = postSolution
		SolutionGuid = {03F1D4DC-D537-456F-AADE-0882B9E88CB6}
	EndGlobalSection
EndGlobal
