
Microsoft Visual Studio Solution File, Format Version 12.00
# Visual Studio Version 16
VisualStudioVersion = 16.0.29613.14
MinimumVisualStudioVersion = 10.0.40219.1
Project("{FAE04EC0-301F-11D3-BF4B-00C04F79EFBC}") = "GoogleDemo", "GoogleDemo\GoogleDemo.csproj", "{A061B7D5-CF83-4E77-9168-EB884326B6AD}"
EndProject
Global
	GlobalSection(SolutionConfigurationPlatforms) = preSolution
		Debug|Any CPU = Debug|Any CPU
		Release|Any CPU = Release|Any CPU
	EndGlobalSection
	GlobalSection(ProjectConfigurationPlatforms) = postSolution
		{A061B7D5-CF83-4E77-9168-EB884326B6AD}.Debug|Any CPU.ActiveCfg = Debug|Any CPU
		{A061B7D5-CF83-4E77-9168-EB884326B6AD}.Debug|Any CPU.Build.0 = Debug|Any CPU
		{A061B7D5-CF83-4E77-9168-EB884326B6AD}.Release|Any CPU.ActiveCfg = Release|Any CPU
		{A061B7D5-CF83-4E77-9168-EB884326B6AD}.Release|Any CPU.Build.0 = Release|Any CPU
	EndGlobalSection
	GlobalSection(SolutionProperties) = preSolution
		HideSolutionNode = FALSE
	EndGlobalSection
	GlobalSection(ExtensibilityGlobals) = postSolution
		SolutionGuid = {4DE8DE46-ED5B-4DFE-8336-1222C1868E91}
	EndGlobalSection
EndGlobal
